
Microsoft Visual Studio Solution File, Format Version 12.00
# Visual Studio Version 17
VisualStudioVersion = 17.7.34031.279
MinimumVisualStudioVersion = 10.0.40219.1
Project("{FAE04EC0-301F-11D3-BF4B-00C04F79EFBC}") = "Controle-de-Contatos", "Controle-de-Contatos\Controle-de-Contatos.csproj", "{3C9C3636-F8FD-4AAE-B6BF-530E64A9A12B}"
EndProject
Global
	GlobalSection(SolutionConfigurationPlatforms) = preSolution
		Debug|Any CPU = Debug|Any CPU
		Release|Any CPU = Release|Any CPU
	EndGlobalSection
	GlobalSection(ProjectConfigurationPlatforms) = postSolution
		{3C9C3636-F8FD-4AAE-B6BF-530E64A9A12B}.Debug|Any CPU.ActiveCfg = Debug|Any CPU
		{3C9C3636-F8FD-4AAE-B6BF-530E64A9A12B}.Debug|Any CPU.Build.0 = Debug|Any CPU
		{3C9C3636-F8FD-4AAE-B6BF-530E64A9A12B}.Release|Any CPU.ActiveCfg = Release|Any CPU
		{3C9C3636-F8FD-4AAE-B6BF-530E64A9A12B}.Release|Any CPU.Build.0 = Release|Any CPU
	EndGlobalSection
	GlobalSection(SolutionProperties) = preSolution
		HideSolutionNode = FALSE
	EndGlobalSection
	GlobalSection(ExtensibilityGlobals) = postSolution
		SolutionGuid = {5032069E-0030-4AA6-B27F-7E232140BEEA}
	EndGlobalSection
EndGlobal
